{
  "name": "tns-template-hello-world-ng",
  "version": "3.1.1",
  "lockfileVersion": 1,
  "requires": true,
  "dependencies": {
    "nativescript-facebook-login": {
      "version": "1.0.1",
      "resolved": "https://registry.npmjs.org/nativescript-facebook-login/-/nativescript-facebook-login-1.0.1.tgz",
      "integrity": "sha1-oUv6RMF3+ujsXQvA2pyEbigKHjg="
    }
  }
}
